
Microsoft Visual Studio Solution File, Format Version 12.00
# Visual Studio Version 16
VisualStudioVersion = 16.0.32630.194
MinimumVisualStudioVersion = 10.0.40219.1
Project("{9A19103F-16F7-4668-BE54-9A1E7A4F7556}") = "WebApiAttributeRouting", "WebApiAttributeRouting\WebApiAttributeRouting.csproj", "{F219DCCC-4B99-413E-B706-8937C5925BA1}"
EndProject
Project("{FAE04EC0-301F-11D3-BF4B-00C04F79EFBC}") = "MvcDefaultRouting", "MvcDefaultRouting\MvcDefaultRouting.csproj", "{3C4DEB6C-A0BC-4CA8-A15D-6F8828EC5EA5}"
EndProject
Global
	GlobalSection(SolutionConfigurationPlatforms) = preSolution
		Debug|Any CPU = Debug|Any CPU
		Release|Any CPU = Release|Any CPU
	EndGlobalSection
	GlobalSection(ProjectConfigurationPlatforms) = postSolution
		{F219DCCC-4B99-413E-B706-8937C5925BA1}.Debug|Any CPU.ActiveCfg = Debug|Any CPU
		{F219DCCC-4B99-413E-B706-8937C5925BA1}.Debug|Any CPU.Build.0 = Debug|Any CPU
		{F219DCCC-4B99-413E-B706-8937C5925BA1}.Release|Any CPU.ActiveCfg = Release|Any CPU
		{F219DCCC-4B99-413E-B706-8937C5925BA1}.Release|Any CPU.Build.0 = Release|Any CPU
		{3C4DEB6C-A0BC-4CA8-A15D-6F8828EC5EA5}.Debug|Any CPU.ActiveCfg = Debug|Any CPU
		{3C4DEB6C-A0BC-4CA8-A15D-6F8828EC5EA5}.Debug|Any CPU.Build.0 = Debug|Any CPU
		{3C4DEB6C-A0BC-4CA8-A15D-6F8828EC5EA5}.Release|Any CPU.ActiveCfg = Release|Any CPU
		{3C4DEB6C-A0BC-4CA8-A15D-6F8828EC5EA5}.Release|Any CPU.Build.0 = Release|Any CPU
	EndGlobalSection
	GlobalSection(SolutionProperties) = preSolution
		HideSolutionNode = FALSE
	EndGlobalSection
	GlobalSection(ExtensibilityGlobals) = postSolution
		SolutionGuid = {A40601DA-3932-4FA1-B26F-A99171D1574A}
	EndGlobalSection
EndGlobal
